
Microsoft Visual Studio Solution File, Format Version 12.00
# Visual Studio Version 17
VisualStudioVersion = 17.9.34607.119
MinimumVisualStudioVersion = 10.0.40219.1
Project("{FAE04EC0-301F-11D3-BF4B-00C04F79EFBC}") = "WpfControlsOneApp", "WpfControlsOneApp\WpfControlsOneApp.csproj", "{BC38109D-4428-4BBF-A470-59A20D816CD9}"
EndProject
Global
	GlobalSection(SolutionConfigurationPlatforms) = preSolution
		Debug|Any CPU = Debug|Any CPU
		Release|Any CPU = Release|Any CPU
	EndGlobalSection
	GlobalSection(ProjectConfigurationPlatforms) = postSolution
		{BC38109D-4428-4BBF-A470-59A20D816CD9}.Debug|Any CPU.ActiveCfg = Debug|Any CPU
		{BC38109D-4428-4BBF-A470-59A20D816CD9}.Debug|Any CPU.Build.0 = Debug|Any CPU
		{BC38109D-4428-4BBF-A470-59A20D816CD9}.Release|Any CPU.ActiveCfg = Release|Any CPU
		{BC38109D-4428-4BBF-A470-59A20D816CD9}.Release|Any CPU.Build.0 = Release|Any CPU
	EndGlobalSection
	GlobalSection(SolutionProperties) = preSolution
		HideSolutionNode = FALSE
	EndGlobalSection
	GlobalSection(ExtensibilityGlobals) = postSolution
		SolutionGuid = {13CDF2EF-E7FB-41EE-B28B-FBF51BC25B86}
	EndGlobalSection
EndGlobal
